
Microsoft Visual Studio Solution File, Format Version 12.00
# SQL Server Management Studio Version 21
VisualStudioVersion = 17.13.35825.156
MinimumVisualStudioVersion = 10.0.40219.1
Project("{FAE04EC0-301F-11D3-BF4B-00C04F79EFBC}") = "Inventario", "Inventario\Inventario.csproj", "{935DE192-8CA9-41B2-9908-58855EB29A61}"
EndProject
Global
	GlobalSection(SolutionConfigurationPlatforms) = preSolution
		Debug|Any CPU = Debug|Any CPU
		Default|Any CPU = Default|Any CPU
		Release|Any CPU = Release|Any CPU
	EndGlobalSection
	GlobalSection(ProjectConfigurationPlatforms) = postSolution
		{935DE192-8CA9-41B2-9908-58855EB29A61}.Debug|Any CPU.ActiveCfg = Debug|Any CPU
		{935DE192-8CA9-41B2-9908-58855EB29A61}.Debug|Any CPU.Build.0 = Debug|Any CPU
		{935DE192-8CA9-41B2-9908-58855EB29A61}.Default|Any CPU.ActiveCfg = Release|Any CPU
		{935DE192-8CA9-41B2-9908-58855EB29A61}.Release|Any CPU.ActiveCfg = Release|Any CPU
		{935DE192-8CA9-41B2-9908-58855EB29A61}.Release|Any CPU.Build.0 = Release|Any CPU
		{C19324A4-8255-463F-9195-2D33EAE15DD9}.Debug|Any CPU.ActiveCfg = Default
		{C19324A4-8255-463F-9195-2D33EAE15DD9}.Default|Any CPU.ActiveCfg = Default
		{C19324A4-8255-463F-9195-2D33EAE15DD9}.Release|Any CPU.ActiveCfg = Default
	EndGlobalSection
	GlobalSection(SolutionProperties) = preSolution
		HideSolutionNode = FALSE
	EndGlobalSection
	GlobalSection(ExtensibilityGlobals) = postSolution
		SolutionGuid = {7E0258C5-D4DB-4CC8-845C-60F36B4C0C41}
	EndGlobalSection
EndGlobal
